
Microsoft Visual Studio Solution File, Format Version 12.00
# Visual Studio Version 16
VisualStudioVersion = 16.0.31729.503
MinimumVisualStudioVersion = 10.0.40219.1
Project("{FAE04EC0-301F-11D3-BF4B-00C04F79EFBC}") = "Лр № 10 (ТОПО)", "Лр № 10 (ТОПО)\Лр № 10 (ТОПО).csproj", "{D7E1840C-AD14-45FD-AD3B-0ABB0E37E2B9}"
EndProject
Global
	GlobalSection(SolutionConfigurationPlatforms) = preSolution
		Debug|Any CPU = Debug|Any CPU
		Release|Any CPU = Release|Any CPU
	EndGlobalSection
	GlobalSection(ProjectConfigurationPlatforms) = postSolution
		{D7E1840C-AD14-45FD-AD3B-0ABB0E37E2B9}.Debug|Any CPU.ActiveCfg = Debug|Any CPU
		{D7E1840C-AD14-45FD-AD3B-0ABB0E37E2B9}.Debug|Any CPU.Build.0 = Debug|Any CPU
		{D7E1840C-AD14-45FD-AD3B-0ABB0E37E2B9}.Release|Any CPU.ActiveCfg = Release|Any CPU
		{D7E1840C-AD14-45FD-AD3B-0ABB0E37E2B9}.Release|Any CPU.Build.0 = Release|Any CPU
	EndGlobalSection
	GlobalSection(SolutionProperties) = preSolution
		HideSolutionNode = FALSE
	EndGlobalSection
	GlobalSection(ExtensibilityGlobals) = postSolution
		SolutionGuid = {80BC0D59-B872-4B8C-9BC5-1C8D3575842C}
	EndGlobalSection
EndGlobal
