
Microsoft Visual Studio Solution File, Format Version 12.00
# Visual Studio Version 16
VisualStudioVersion = 16.0.31729.503
MinimumVisualStudioVersion = 10.0.40219.1
Project("{9A19103F-16F7-4668-BE54-9A1E7A4F7556}") = "STLab07.Variant11", "STLab07.Variant11\STLab07.Variant11.csproj", "{1568511B-DEED-407E-9358-57C4C3102484}"
EndProject
Project("{FAE04EC0-301F-11D3-BF4B-00C04F79EFBC}") = "TreeTests", "TreeTests\TreeTests.csproj", "{84D58C63-4B15-443C-A80F-D59363816FE1}"
EndProject
Global
	GlobalSection(SolutionConfigurationPlatforms) = preSolution
		Debug|Any CPU = Debug|Any CPU
		Release|Any CPU = Release|Any CPU
	EndGlobalSection
	GlobalSection(ProjectConfigurationPlatforms) = postSolution
		{1568511B-DEED-407E-9358-57C4C3102484}.Debug|Any CPU.ActiveCfg = Debug|Any CPU
		{1568511B-DEED-407E-9358-57C4C3102484}.Debug|Any CPU.Build.0 = Debug|Any CPU
		{1568511B-DEED-407E-9358-57C4C3102484}.Release|Any CPU.ActiveCfg = Release|Any CPU
		{1568511B-DEED-407E-9358-57C4C3102484}.Release|Any CPU.Build.0 = Release|Any CPU
		{84D58C63-4B15-443C-A80F-D59363816FE1}.Debug|Any CPU.ActiveCfg = Debug|Any CPU
		{84D58C63-4B15-443C-A80F-D59363816FE1}.Debug|Any CPU.Build.0 = Debug|Any CPU
		{84D58C63-4B15-443C-A80F-D59363816FE1}.Release|Any CPU.ActiveCfg = Release|Any CPU
		{84D58C63-4B15-443C-A80F-D59363816FE1}.Release|Any CPU.Build.0 = Release|Any CPU
	EndGlobalSection
	GlobalSection(SolutionProperties) = preSolution
		HideSolutionNode = FALSE
	EndGlobalSection
	GlobalSection(ExtensibilityGlobals) = postSolution
		SolutionGuid = {A2855DF0-CBA0-487C-9B10-571F58453E33}
	EndGlobalSection
EndGlobal
