
Microsoft Visual Studio Solution File, Format Version 12.00
# Visual Studio Version 16
VisualStudioVersion = 16.0.31729.503
MinimumVisualStudioVersion = 10.0.40219.1
Project("{FAE04EC0-301F-11D3-BF4B-00C04F79EFBC}") = "Лр_5 (ТОПО)", "Лр_5 (ТОПО)\Лр_5 (ТОПО).csproj", "{C0469226-D1E5-4B2A-A511-F7F3323F5858}"
EndProject
Project("{FAE04EC0-301F-11D3-BF4B-00C04F79EFBC}") = "Lr_5_tests", "Lr_5_tests\Lr_5_tests.csproj", "{C48FE0B4-CC15-48B5-8250-A308DCFE22F5}"
EndProject
Global
	GlobalSection(SolutionConfigurationPlatforms) = preSolution
		Debug|Any CPU = Debug|Any CPU
		Release|Any CPU = Release|Any CPU
	EndGlobalSection
	GlobalSection(ProjectConfigurationPlatforms) = postSolution
		{C0469226-D1E5-4B2A-A511-F7F3323F5858}.Debug|Any CPU.ActiveCfg = Debug|Any CPU
		{C0469226-D1E5-4B2A-A511-F7F3323F5858}.Debug|Any CPU.Build.0 = Debug|Any CPU
		{C0469226-D1E5-4B2A-A511-F7F3323F5858}.Release|Any CPU.ActiveCfg = Release|Any CPU
		{C0469226-D1E5-4B2A-A511-F7F3323F5858}.Release|Any CPU.Build.0 = Release|Any CPU
		{C48FE0B4-CC15-48B5-8250-A308DCFE22F5}.Debug|Any CPU.ActiveCfg = Debug|Any CPU
		{C48FE0B4-CC15-48B5-8250-A308DCFE22F5}.Debug|Any CPU.Build.0 = Debug|Any CPU
		{C48FE0B4-CC15-48B5-8250-A308DCFE22F5}.Release|Any CPU.ActiveCfg = Release|Any CPU
		{C48FE0B4-CC15-48B5-8250-A308DCFE22F5}.Release|Any CPU.Build.0 = Release|Any CPU
	EndGlobalSection
	GlobalSection(SolutionProperties) = preSolution
		HideSolutionNode = FALSE
	EndGlobalSection
	GlobalSection(ExtensibilityGlobals) = postSolution
		SolutionGuid = {53FDDD43-4031-4B22-B1FA-8E1F3FBF1677}
	EndGlobalSection
EndGlobal
